
Microsoft Visual Studio Solution File, Format Version 12.00
# Visual Studio 15
VisualStudioVersion = 15.0.28010.2003
MinimumVisualStudioVersion = 10.0.40219.1
Project("{9A19103F-16F7-4668-BE54-9A1E7A4F7556}") = "EmployeesManagement.Data", "EmployeesManagement.Data\EmployeesManagement.Data.csproj", "{A54E7489-3C1C-4171-A2E2-CD503E5ADF8D}"
EndProject
Project("{9A19103F-16F7-4668-BE54-9A1E7A4F7556}") = "EmployeesManagement.Models", "EmployeesManagement.Models\EmployeesManagement.Models.csproj", "{42C8118A-69C7-4BC8-B20F-C9ACC78367E9}"
EndProject
Project("{9A19103F-16F7-4668-BE54-9A1E7A4F7556}") = "EmployeesManagement.Web", "EmployeesManagement.Web\EmployeesManagement.Web.csproj", "{F887C078-2B37-4DC2-AACC-2F2D2EC9E15F}"
EndProject
Project("{9A19103F-16F7-4668-BE54-9A1E7A4F7556}") = "EmployeesManagement.Services", "EmployeesManagement.Services\EmployeesManagement.Services.csproj", "{12DB465D-6A78-487E-B4B7-C17E9EA915F3}"
EndProject
Project("{9A19103F-16F7-4668-BE54-9A1E7A4F7556}") = "EmployeesManagement.Common", "EmployeesManagement.Common\EmployeesManagement.Common.csproj", "{93011DE8-2B6F-4EC3-ADBF-10CE540F4373}"
EndProject
Project("{FAE04EC0-301F-11D3-BF4B-00C04F79EFBC}") = "EmployeesManagement.Tests", "EmployeesManagement.Tests\EmployeesManagement.Tests.csproj", "{945C5897-4ABD-45C6-84A4-958B8141FC63}"
EndProject
Global
	GlobalSection(SolutionConfigurationPlatforms) = preSolution
		Debug|Any CPU = Debug|Any CPU
		Debug|x64 = Debug|x64
		Debug|x86 = Debug|x86
		Release|Any CPU = Release|Any CPU
		Release|x64 = Release|x64
		Release|x86 = Release|x86
	EndGlobalSection
	GlobalSection(ProjectConfigurationPlatforms) = postSolution
		{A54E7489-3C1C-4171-A2E2-CD503E5ADF8D}.Debug|Any CPU.ActiveCfg = Debug|Any CPU
		{A54E7489-3C1C-4171-A2E2-CD503E5ADF8D}.Debug|Any CPU.Build.0 = Debug|Any CPU
		{A54E7489-3C1C-4171-A2E2-CD503E5ADF8D}.Debug|x64.ActiveCfg = Debug|Any CPU
		{A54E7489-3C1C-4171-A2E2-CD503E5ADF8D}.Debug|x64.Build.0 = Debug|Any CPU
		{A54E7489-3C1C-4171-A2E2-CD503E5ADF8D}.Debug|x86.ActiveCfg = Debug|Any CPU
		{A54E7489-3C1C-4171-A2E2-CD503E5ADF8D}.Debug|x86.Build.0 = Debug|Any CPU
		{A54E7489-3C1C-4171-A2E2-CD503E5ADF8D}.Release|Any CPU.ActiveCfg = Release|Any CPU
		{A54E7489-3C1C-4171-A2E2-CD503E5ADF8D}.Release|Any CPU.Build.0 = Release|Any CPU
		{A54E7489-3C1C-4171-A2E2-CD503E5ADF8D}.Release|x64.ActiveCfg = Release|Any CPU
		{A54E7489-3C1C-4171-A2E2-CD503E5ADF8D}.Release|x64.Build.0 = Release|Any CPU
		{A54E7489-3C1C-4171-A2E2-CD503E5ADF8D}.Release|x86.ActiveCfg = Release|Any CPU
		{A54E7489-3C1C-4171-A2E2-CD503E5ADF8D}.Release|x86.Build.0 = Release|Any CPU
		{42C8118A-69C7-4BC8-B20F-C9ACC78367E9}.Debug|Any CPU.ActiveCfg = Debug|Any CPU
		{42C8118A-69C7-4BC8-B20F-C9ACC78367E9}.Debug|Any CPU.Build.0 = Debug|Any CPU
		{42C8118A-69C7-4BC8-B20F-C9ACC78367E9}.Debug|x64.ActiveCfg = Debug|Any CPU
		{42C8118A-69C7-4BC8-B20F-C9ACC78367E9}.Debug|x64.Build.0 = Debug|Any CPU
		{42C8118A-69C7-4BC8-B20F-C9ACC78367E9}.Debug|x86.ActiveCfg = Debug|Any CPU
		{42C8118A-69C7-4BC8-B20F-C9ACC78367E9}.Debug|x86.Build.0 = Debug|Any CPU
		{42C8118A-69C7-4BC8-B20F-C9ACC78367E9}.Release|Any CPU.ActiveCfg = Release|Any CPU
		{42C8118A-69C7-4BC8-B20F-C9ACC78367E9}.Release|Any CPU.Build.0 = Release|Any CPU
		{42C8118A-69C7-4BC8-B20F-C9ACC78367E9}.Release|x64.ActiveCfg = Release|Any CPU
		{42C8118A-69C7-4BC8-B20F-C9ACC78367E9}.Release|x64.Build.0 = Release|Any CPU
		{42C8118A-69C7-4BC8-B20F-C9ACC78367E9}.Release|x86.ActiveCfg = Release|Any CPU
		{42C8118A-69C7-4BC8-B20F-C9ACC78367E9}.Release|x86.Build.0 = Release|Any CPU
		{F887C078-2B37-4DC2-AACC-2F2D2EC9E15F}.Debug|Any CPU.ActiveCfg = Debug|Any CPU
		{F887C078-2B37-4DC2-AACC-2F2D2EC9E15F}.Debug|Any CPU.Build.0 = Debug|Any CPU
		{F887C078-2B37-4DC2-AACC-2F2D2EC9E15F}.Debug|x64.ActiveCfg = Debug|Any CPU
		{F887C078-2B37-4DC2-AACC-2F2D2EC9E15F}.Debug|x64.Build.0 = Debug|Any CPU
		{F887C078-2B37-4DC2-AACC-2F2D2EC9E15F}.Debug|x86.ActiveCfg = Debug|Any CPU
		{F887C078-2B37-4DC2-AACC-2F2D2EC9E15F}.Debug|x86.Build.0 = Debug|Any CPU
		{F887C078-2B37-4DC2-AACC-2F2D2EC9E15F}.Release|Any CPU.ActiveCfg = Release|Any CPU
		{F887C078-2B37-4DC2-AACC-2F2D2EC9E15F}.Release|Any CPU.Build.0 = Release|Any CPU
		{F887C078-2B37-4DC2-AACC-2F2D2EC9E15F}.Release|x64.ActiveCfg = Release|Any CPU
		{F887C078-2B37-4DC2-AACC-2F2D2EC9E15F}.Release|x64.Build.0 = Release|Any CPU
		{F887C078-2B37-4DC2-AACC-2F2D2EC9E15F}.Release|x86.ActiveCfg = Release|Any CPU
		{F887C078-2B37-4DC2-AACC-2F2D2EC9E15F}.Release|x86.Build.0 = Release|Any CPU
		{12DB465D-6A78-487E-B4B7-C17E9EA915F3}.Debug|Any CPU.ActiveCfg = Debug|Any CPU
		{12DB465D-6A78-487E-B4B7-C17E9EA915F3}.Debug|Any CPU.Build.0 = Debug|Any CPU
		{12DB465D-6A78-487E-B4B7-C17E9EA915F3}.Debug|x64.ActiveCfg = Debug|Any CPU
		{12DB465D-6A78-487E-B4B7-C17E9EA915F3}.Debug|x64.Build.0 = Debug|Any CPU
		{12DB465D-6A78-487E-B4B7-C17E9EA915F3}.Debug|x86.ActiveCfg = Debug|Any CPU
		{12DB465D-6A78-487E-B4B7-C17E9EA915F3}.Debug|x86.Build.0 = Debug|Any CPU
		{12DB465D-6A78-487E-B4B7-C17E9EA915F3}.Release|Any CPU.ActiveCfg = Release|Any CPU
		{12DB465D-6A78-487E-B4B7-C17E9EA915F3}.Release|Any CPU.Build.0 = Release|Any CPU
		{12DB465D-6A78-487E-B4B7-C17E9EA915F3}.Release|x64.ActiveCfg = Release|Any CPU
		{12DB465D-6A78-487E-B4B7-C17E9EA915F3}.Release|x64.Build.0 = Release|Any CPU
		{12DB465D-6A78-487E-B4B7-C17E9EA915F3}.Release|x86.ActiveCfg = Release|Any CPU
		{12DB465D-6A78-487E-B4B7-C17E9EA915F3}.Release|x86.Build.0 = Release|Any CPU
		{93011DE8-2B6F-4EC3-ADBF-10CE540F4373}.Debug|Any CPU.ActiveCfg = Debug|Any CPU
		{93011DE8-2B6F-4EC3-ADBF-10CE540F4373}.Debug|Any CPU.Build.0 = Debug|Any CPU
		{93011DE8-2B6F-4EC3-ADBF-10CE540F4373}.Debug|x64.ActiveCfg = Debug|Any CPU
		{93011DE8-2B6F-4EC3-ADBF-10CE540F4373}.Debug|x64.Build.0 = Debug|Any CPU
		{93011DE8-2B6F-4EC3-ADBF-10CE540F4373}.Debug|x86.ActiveCfg = Debug|Any CPU
		{93011DE8-2B6F-4EC3-ADBF-10CE540F4373}.Debug|x86.Build.0 = Debug|Any CPU
		{93011DE8-2B6F-4EC3-ADBF-10CE540F4373}.Release|Any CPU.ActiveCfg = Release|Any CPU
		{93011DE8-2B6F-4EC3-ADBF-10CE540F4373}.Release|Any CPU.Build.0 = Release|Any CPU
		{93011DE8-2B6F-4EC3-ADBF-10CE540F4373}.Release|x64.ActiveCfg = Release|Any CPU
		{93011DE8-2B6F-4EC3-ADBF-10CE540F4373}.Release|x64.Build.0 = Release|Any CPU
		{93011DE8-2B6F-4EC3-ADBF-10CE540F4373}.Release|x86.ActiveCfg = Release|Any CPU
		{93011DE8-2B6F-4EC3-ADBF-10CE540F4373}.Release|x86.Build.0 = Release|Any CPU
		{945C5897-4ABD-45C6-84A4-958B8141FC63}.Debug|Any CPU.ActiveCfg = Debug|Any CPU
		{945C5897-4ABD-45C6-84A4-958B8141FC63}.Debug|Any CPU.Build.0 = Debug|Any CPU
		{945C5897-4ABD-45C6-84A4-958B8141FC63}.Debug|x64.ActiveCfg = Debug|Any CPU
		{945C5897-4ABD-45C6-84A4-958B8141FC63}.Debug|x64.Build.0 = Debug|Any CPU
		{945C5897-4ABD-45C6-84A4-958B8141FC63}.Debug|x86.ActiveCfg = Debug|Any CPU
		{945C5897-4ABD-45C6-84A4-958B8141FC63}.Debug|x86.Build.0 = Debug|Any CPU
		{945C5897-4ABD-45C6-84A4-958B8141FC63}.Release|Any CPU.ActiveCfg = Release|Any CPU
		{945C5897-4ABD-45C6-84A4-958B8141FC63}.Release|Any CPU.Build.0 = Release|Any CPU
		{945C5897-4ABD-45C6-84A4-958B8141FC63}.Release|x64.ActiveCfg = Release|Any CPU
		{945C5897-4ABD-45C6-84A4-958B8141FC63}.Release|x64.Build.0 = Release|Any CPU
		{945C5897-4ABD-45C6-84A4-958B8141FC63}.Release|x86.ActiveCfg = Release|Any CPU
		{945C5897-4ABD-45C6-84A4-958B8141FC63}.Release|x86.Build.0 = Release|Any CPU
	EndGlobalSection
	GlobalSection(SolutionProperties) = preSolution
		HideSolutionNode = FALSE
	EndGlobalSection
	GlobalSection(ExtensibilityGlobals) = postSolution
		SolutionGuid = {9190D089-217E-4F4D-9602-1228B2299A7F}
	EndGlobalSection
EndGlobal
